
Microsoft Visual Studio Solution File, Format Version 12.00
# Visual Studio Version 17
VisualStudioVersion = 17.11.35327.3
MinimumVisualStudioVersion = 10.0.40219.1
Project("{FAE04EC0-301F-11D3-BF4B-00C04F79EFBC}") = "ProyectoFinal.Android", "ProyectoFinal.Android\ProyectoFinal.Android.csproj", "{258D94C0-478B-4566-915E-27C1F53A561D}"
EndProject
Project("{FAE04EC0-301F-11D3-BF4B-00C04F79EFBC}") = "ProyectoFinal.iOS", "ProyectoFinal.iOS\ProyectoFinal.iOS.csproj", "{F525BC83-BA52-471C-BC0B-185F9E532BBD}"
EndProject
Project("{FAE04EC0-301F-11D3-BF4B-00C04F79EFBC}") = "ProyectoFinal", "ProyectoFinal\ProyectoFinal.csproj", "{649ABE13-AFD8-4EBF-9A6C-D9EE5AF7942E}"
EndProject
Global
	GlobalSection(SolutionConfigurationPlatforms) = preSolution
		Debug|Any CPU = Debug|Any CPU
		Debug|iPhone = Debug|iPhone
		Debug|iPhoneSimulator = Debug|iPhoneSimulator
		Release|Any CPU = Release|Any CPU
		Release|iPhone = Release|iPhone
		Release|iPhoneSimulator = Release|iPhoneSimulator
	EndGlobalSection
	GlobalSection(ProjectConfigurationPlatforms) = postSolution
		{258D94C0-478B-4566-915E-27C1F53A561D}.Debug|Any CPU.ActiveCfg = Debug|Any CPU
		{258D94C0-478B-4566-915E-27C1F53A561D}.Debug|Any CPU.Build.0 = Debug|Any CPU
		{258D94C0-478B-4566-915E-27C1F53A561D}.Debug|Any CPU.Deploy.0 = Debug|Any CPU
		{258D94C0-478B-4566-915E-27C1F53A561D}.Debug|iPhone.ActiveCfg = Debug|Any CPU
		{258D94C0-478B-4566-915E-27C1F53A561D}.Debug|iPhone.Build.0 = Debug|Any CPU
		{258D94C0-478B-4566-915E-27C1F53A561D}.Debug|iPhone.Deploy.0 = Debug|Any CPU
		{258D94C0-478B-4566-915E-27C1F53A561D}.Debug|iPhoneSimulator.ActiveCfg = Debug|Any CPU
		{258D94C0-478B-4566-915E-27C1F53A561D}.Debug|iPhoneSimulator.Build.0 = Debug|Any CPU
		{258D94C0-478B-4566-915E-27C1F53A561D}.Debug|iPhoneSimulator.Deploy.0 = Debug|Any CPU
		{258D94C0-478B-4566-915E-27C1F53A561D}.Release|Any CPU.ActiveCfg = Release|Any CPU
		{258D94C0-478B-4566-915E-27C1F53A561D}.Release|Any CPU.Build.0 = Release|Any CPU
		{258D94C0-478B-4566-915E-27C1F53A561D}.Release|Any CPU.Deploy.0 = Release|Any CPU
		{258D94C0-478B-4566-915E-27C1F53A561D}.Release|iPhone.ActiveCfg = Release|Any CPU
		{258D94C0-478B-4566-915E-27C1F53A561D}.Release|iPhone.Build.0 = Release|Any CPU
		{258D94C0-478B-4566-915E-27C1F53A561D}.Release|iPhone.Deploy.0 = Release|Any CPU
		{258D94C0-478B-4566-915E-27C1F53A561D}.Release|iPhoneSimulator.ActiveCfg = Release|Any CPU
		{258D94C0-478B-4566-915E-27C1F53A561D}.Release|iPhoneSimulator.Build.0 = Release|Any CPU
		{258D94C0-478B-4566-915E-27C1F53A561D}.Release|iPhoneSimulator.Deploy.0 = Release|Any CPU
		{F525BC83-BA52-471C-BC0B-185F9E532BBD}.Debug|Any CPU.ActiveCfg = Debug|iPhone
		{F525BC83-BA52-471C-BC0B-185F9E532BBD}.Debug|Any CPU.Build.0 = Debug|iPhone
		{F525BC83-BA52-471C-BC0B-185F9E532BBD}.Debug|Any CPU.Deploy.0 = Debug|iPhone
		{F525BC83-BA52-471C-BC0B-185F9E532BBD}.Debug|iPhone.ActiveCfg = Debug|iPhone
		{F525BC83-BA52-471C-BC0B-185F9E532BBD}.Debug|iPhone.Build.0 = Debug|iPhone
		{F525BC83-BA52-471C-BC0B-185F9E532BBD}.Debug|iPhone.Deploy.0 = Debug|iPhone
		{F525BC83-BA52-471C-BC0B-185F9E532BBD}.Debug|iPhoneSimulator.ActiveCfg = Debug|iPhoneSimulator
		{F525BC83-BA52-471C-BC0B-185F9E532BBD}.Debug|iPhoneSimulator.Build.0 = Debug|iPhoneSimulator
		{F525BC83-BA52-471C-BC0B-185F9E532BBD}.Debug|iPhoneSimulator.Deploy.0 = Debug|iPhoneSimulator
		{F525BC83-BA52-471C-BC0B-185F9E532BBD}.Release|Any CPU.ActiveCfg = Release|iPhoneSimulator
		{F525BC83-BA52-471C-BC0B-185F9E532BBD}.Release|Any CPU.Build.0 = Release|iPhoneSimulator
		{F525BC83-BA52-471C-BC0B-185F9E532BBD}.Release|Any CPU.Deploy.0 = Release|iPhoneSimulator
		{F525BC83-BA52-471C-BC0B-185F9E532BBD}.Release|iPhone.ActiveCfg = Release|iPhone
		{F525BC83-BA52-471C-BC0B-185F9E532BBD}.Release|iPhone.Build.0 = Release|iPhone
		{F525BC83-BA52-471C-BC0B-185F9E532BBD}.Release|iPhone.Deploy.0 = Release|iPhone
		{F525BC83-BA52-471C-BC0B-185F9E532BBD}.Release|iPhoneSimulator.ActiveCfg = Release|iPhoneSimulator
		{F525BC83-BA52-471C-BC0B-185F9E532BBD}.Release|iPhoneSimulator.Build.0 = Release|iPhoneSimulator
		{F525BC83-BA52-471C-BC0B-185F9E532BBD}.Release|iPhoneSimulator.Deploy.0 = Release|iPhoneSimulator
		{649ABE13-AFD8-4EBF-9A6C-D9EE5AF7942E}.Debug|Any CPU.ActiveCfg = Debug|Any CPU
		{649ABE13-AFD8-4EBF-9A6C-D9EE5AF7942E}.Debug|Any CPU.Build.0 = Debug|Any CPU
		{649ABE13-AFD8-4EBF-9A6C-D9EE5AF7942E}.Debug|Any CPU.Deploy.0 = Debug|Any CPU
		{649ABE13-AFD8-4EBF-9A6C-D9EE5AF7942E}.Debug|iPhone.ActiveCfg = Debug|Any CPU
		{649ABE13-AFD8-4EBF-9A6C-D9EE5AF7942E}.Debug|iPhone.Build.0 = Debug|Any CPU
		{649ABE13-AFD8-4EBF-9A6C-D9EE5AF7942E}.Debug|iPhone.Deploy.0 = Debug|Any CPU
		{649ABE13-AFD8-4EBF-9A6C-D9EE5AF7942E}.Debug|iPhoneSimulator.ActiveCfg = Debug|Any CPU
		{649ABE13-AFD8-4EBF-9A6C-D9EE5AF7942E}.Debug|iPhoneSimulator.Build.0 = Debug|Any CPU
		{649ABE13-AFD8-4EBF-9A6C-D9EE5AF7942E}.Debug|iPhoneSimulator.Deploy.0 = Debug|Any CPU
		{649ABE13-AFD8-4EBF-9A6C-D9EE5AF7942E}.Release|Any CPU.ActiveCfg = Release|Any CPU
		{649ABE13-AFD8-4EBF-9A6C-D9EE5AF7942E}.Release|Any CPU.Build.0 = Release|Any CPU
		{649ABE13-AFD8-4EBF-9A6C-D9EE5AF7942E}.Release|Any CPU.Deploy.0 = Release|Any CPU
		{649ABE13-AFD8-4EBF-9A6C-D9EE5AF7942E}.Release|iPhone.ActiveCfg = Release|Any CPU
		{649ABE13-AFD8-4EBF-9A6C-D9EE5AF7942E}.Release|iPhone.Build.0 = Release|Any CPU
		{649ABE13-AFD8-4EBF-9A6C-D9EE5AF7942E}.Release|iPhone.Deploy.0 = Release|Any CPU
		{649ABE13-AFD8-4EBF-9A6C-D9EE5AF7942E}.Release|iPhoneSimulator.ActiveCfg = Release|Any CPU
		{649ABE13-AFD8-4EBF-9A6C-D9EE5AF7942E}.Release|iPhoneSimulator.Build.0 = Release|Any CPU
		{649ABE13-AFD8-4EBF-9A6C-D9EE5AF7942E}.Release|iPhoneSimulator.Deploy.0 = Release|Any CPU
	EndGlobalSection
	GlobalSection(SolutionProperties) = preSolution
		HideSolutionNode = FALSE
	EndGlobalSection
	GlobalSection(ExtensibilityGlobals) = postSolution
		SolutionGuid = {4D5385C5-4107-4BAE-AE69-AF5BB3468AA2}
	EndGlobalSection
EndGlobal
